{
  "name": "BackendCourier",
  "lockfileVersion": 3,
  "requires": true,
  "packages": {
    "": {
      "dependencies": {
        "libphonenumber-js": "^1.12.25"
      }
    },
    "node_modules/libphonenumber-js": {
      "version": "1.12.25",
      "resolved": "https://registry.npmjs.org/libphonenumber-js/-/libphonenumber-js-1.12.25.tgz",
      "integrity": "sha512-u90tUu/SEF8b+RaDKCoW7ZNFDakyBtFlX1ex3J+VH+ElWes/UaitJLt/w4jGu8uAE41lltV/s+kMVtywcMEg7g==",
      "license": "MIT"
    }
  }
}
